Microsoft Visual Studio Solution File, Format Version 11.00
# Visual Studio 2010
Project("{8BC9CEB8-8B4A-11D0-8D11-00A0C91BC942}") = "sleepy", "sleepy.vcxproj", "{E3D8AA66-3F5A-46C9-AAB2-34D3CE44E5DC}"
	ProjectSection(ProjectDependencies) = postProject
		{5ED48520-0F0D-4519-B4FE-E438C4EF02D0} = {5ED48520-0F0D-4519-B4FE-E438C4EF02D0}
		{8ACC122A-CA6A-5AA6-9C97-9CDD2E533DB0} = {8ACC122A-CA6A-5AA6-9C97-9CDD2E533DB0}
		{941F452F-6510-4BF2-AE25-9EE32FEFD51D} = {941F452F-6510-4BF2-AE25-9EE32FEFD51D}
		{A16D3832-0F42-57CE-8F48-50E06649ADE8} = {A16D3832-0F42-57CE-8F48-50E06649ADE8}
		{23E1C437-A951-5943-8639-A17F3CF2E606} = {23E1C437-A951-5943-8639-A17F3CF2E606}
		{24C45343-FD20-5C92-81C1-35A2AE841E79} = {24C45343-FD20-5C92-81C1-35A2AE841E79}
		{97FDAB45-9C58-5BC5-A2F4-EE42739EBC63} = {97FDAB45-9C58-5BC5-A2F4-EE42739EBC63}
		{8B867186-A0B5-5479-B824-E176EDD27C40} = {8B867186-A0B5-5479-B824-E176EDD27C40}
		{74827EBD-93DC-5110-BA95-3F2AB029B6B0} = {74827EBD-93DC-5110-BA95-3F2AB029B6B0}
		{3FCC50C2-81E9-5DB2-B8D8-2129427568B1} = {3FCC50C2-81E9-5DB2-B8D8-2129427568B1}
		{6744DAD8-9C70-574A-BFF2-9F8DDDB24A75} = {6744DAD8-9C70-574A-BFF2-9F8DDDB24A75}
		{B6D6F4DD-4C26-4B0B-8B1E-419850F1041F} = {B6D6F4DD-4C26-4B0B-8B1E-419850F1041F}
	EndProjectSection
EndProject
Project("{2150E333-8FDC-42A3-9474-1A3956D46DE8}") = "CrashBack", "CrashBack", "{0657711C-079B-4F66-A217-C1D91E9392A5}"
EndProject
Project("{8BC9CEB8-8B4A-11D0-8D11-00A0C91BC942}") = "client", "src\crashback\src\crashback.vcxproj", "{5ED48520-0F0D-4519-B4FE-E438C4EF02D0}"
EndProject
Project("{8BC9CEB8-8B4A-11D0-8D11-00A0C91BC942}") = "crashreport", "src\crashback\src\crashreport.vcxproj", "{583D5F0A-7047-48BA-BE65-80B775513463}"
EndProject
Project("{8BC9CEB8-8B4A-11D0-8D11-00A0C91BC942}") = "badapp", "src\crashback\badapp\badapp.vcxproj", "{CABE9C82-1809-4876-BB4B-CCE40398769F}"
EndProject
Project("{2150E333-8FDC-42A3-9474-1A3956D46DE8}") = "wxWidgets", "wxWidgets", "{51B62AE3-488B-494F-80BD-B5A393A2CCFB}"
EndProject
Project("{8BC9CEB8-8B4A-11D0-8D11-00A0C91BC942}") = "wxWidgetsSetup", "thirdparty\wxWidgetsSetup\wxWidgetsSetup.vcxproj", "{941F452F-6510-4BF2-AE25-9EE32FEFD51D}"
EndProject
Project("{8BC9CEB8-8B4A-11D0-8D11-00A0C91BC942}") = "base", "thirdparty\wxWidgets\build\msw\wx_vc10_base.vcxproj", "{3FCC50C2-81E9-5DB2-B8D8-2129427568B1}"
	ProjectSection(ProjectDependencies) = postProject
		{941F452F-6510-4BF2-AE25-9EE32FEFD51D} = {941F452F-6510-4BF2-AE25-9EE32FEFD51D}
	EndProjectSection
EndProject
Project("{8BC9CEB8-8B4A-11D0-8D11-00A0C91BC942}") = "wxpng", "thirdparty\wxWidgets\build\msw\wx_vc10_wxpng.vcxproj", "{8ACC122A-CA6A-5AA6-9C97-9CDD2E533DB0}"
	ProjectSection(ProjectDependencies) = postProject
		{941F452F-6510-4BF2-AE25-9EE32FEFD51D} = {941F452F-6510-4BF2-AE25-9EE32FEFD51D}
	EndProjectSection
EndProject
Project("{8BC9CEB8-8B4A-11D0-8D11-00A0C91BC942}") = "wxzlib", "thirdparty\wxWidgets\build\msw\wx_vc10_wxzlib.vcxproj", "{8B867186-A0B5-5479-B824-E176EDD27C40}"
	ProjectSection(ProjectDependencies) = postProject
		{941F452F-6510-4BF2-AE25-9EE32FEFD51D} = {941F452F-6510-4BF2-AE25-9EE32FEFD51D}
	EndProjectSection
EndProject
Project("{8BC9CEB8-8B4A-11D0-8D11-00A0C91BC942}") = "core", "thirdparty\wxWidgets\build\msw\wx_vc10_core.vcxproj", "{6744DAD8-9C70-574A-BFF2-9F8DDDB24A75}"
	ProjectSection(ProjectDependencies) = postProject
		{941F452F-6510-4BF2-AE25-9EE32FEFD51D} = {941F452F-6510-4BF2-AE25-9EE32FEFD51D}
	EndProjectSection
EndProject
Project("{8BC9CEB8-8B4A-11D0-8D11-00A0C91BC942}") = "adv", "thirdparty\wxWidgets\build\msw\wx_vc10_adv.vcxproj", "{24C45343-FD20-5C92-81C1-35A2AE841E79}"
	ProjectSection(ProjectDependencies) = postProject
		{941F452F-6510-4BF2-AE25-9EE32FEFD51D} = {941F452F-6510-4BF2-AE25-9EE32FEFD51D}
	EndProjectSection
EndProject
Project("{8BC9CEB8-8B4A-11D0-8D11-00A0C91BC942}") = "aui", "thirdparty\wxWidgets\build\msw\wx_vc10_aui.vcxproj", "{A16D3832-0F42-57CE-8F48-50E06649ADE8}"
	ProjectSection(ProjectDependencies) = postProject
		{941F452F-6510-4BF2-AE25-9EE32FEFD51D} = {941F452F-6510-4BF2-AE25-9EE32FEFD51D}
	EndProjectSection
EndProject
Project("{8BC9CEB8-8B4A-11D0-8D11-00A0C91BC942}") = "propgrid", "thirdparty\wxWidgets\build\msw\wx_vc10_propgrid.vcxproj", "{97FDAB45-9C58-5BC5-A2F4-EE42739EBC63}"
	ProjectSection(ProjectDependencies) = postProject
		{941F452F-6510-4BF2-AE25-9EE32FEFD51D} = {941F452F-6510-4BF2-AE25-9EE32FEFD51D}
	EndProjectSection
EndProject
Project("{8BC9CEB8-8B4A-11D0-8D11-00A0C91BC942}") = "stc", "thirdparty\wxWidgets\build\msw\wx_vc10_stc.vcxproj", "{23E1C437-A951-5943-8639-A17F3CF2E606}"
	ProjectSection(ProjectDependencies) = postProject
		{941F452F-6510-4BF2-AE25-9EE32FEFD51D} = {941F452F-6510-4BF2-AE25-9EE32FEFD51D}
	EndProjectSection
EndProject
Project("{8BC9CEB8-8B4A-11D0-8D11-00A0C91BC942}") = "wxscintilla", "thirdparty\wxWidgets\build\msw\wx_vc10_wxscintilla.vcxproj", "{74827EBD-93DC-5110-BA95-3F2AB029B6B0}"
	ProjectSection(ProjectDependencies) = postProject
		{941F452F-6510-4BF2-AE25-9EE32FEFD51D} = {941F452F-6510-4BF2-AE25-9EE32FEFD51D}
	EndProjectSection
EndProject
Project("{8BC9CEB8-8B4A-11D0-8D11-00A0C91BC942}") = "dbghelpw", "thirdparty\wine\dlls\dbghelp\vs\dbghelpw.vcxproj", "{B6D6F4DD-4C26-4B0B-8B1E-419850F1041F}"
EndProject
Global
	GlobalSection(SolutionConfigurationPlatforms) = preSolution
		Debug - Wow64|Win32 = Debug - Wow64|Win32
		Debug - Wow64|x64 = Debug - Wow64|x64
		Debug|Win32 = Debug|Win32
		Debug|x64 = Debug|x64
		Release - Wow64|Win32 = Release - Wow64|Win32
		Release - Wow64|x64 = Release - Wow64|x64
		Release|Win32 = Release|Win32
		Release|x64 = Release|x64
	EndGlobalSection
	GlobalSection(ProjectConfigurationPlatforms) = postSolution
		{E3D8AA66-3F5A-46C9-AAB2-34D3CE44E5DC}.Debug - Wow64|Win32.ActiveCfg = Debug|Win32
		{E3D8AA66-3F5A-46C9-AAB2-34D3CE44E5DC}.Debug - Wow64|x64.ActiveCfg = Debug|x64
		{E3D8AA66-3F5A-46C9-AAB2-34D3CE44E5DC}.Debug|Win32.ActiveCfg = Debug|Win32
		{E3D8AA66-3F5A-46C9-AAB2-34D3CE44E5DC}.Debug|Win32.Build.0 = Debug|Win32
		{E3D8AA66-3F5A-46C9-AAB2-34D3CE44E5DC}.Debug|x64.ActiveCfg = Debug|x64
		{E3D8AA66-3F5A-46C9-AAB2-34D3CE44E5DC}.Debug|x64.Build.0 = Debug|x64
		{E3D8AA66-3F5A-46C9-AAB2-34D3CE44E5DC}.Release - Wow64|Win32.ActiveCfg = Release|Win32
		{E3D8AA66-3F5A-46C9-AAB2-34D3CE44E5DC}.Release - Wow64|x64.ActiveCfg = Release|x64
		{E3D8AA66-3F5A-46C9-AAB2-34D3CE44E5DC}.Release|Win32.ActiveCfg = Release|Win32
		{E3D8AA66-3F5A-46C9-AAB2-34D3CE44E5DC}.Release|Win32.Build.0 = Release|Win32
		{E3D8AA66-3F5A-46C9-AAB2-34D3CE44E5DC}.Release|x64.ActiveCfg = Release|x64
		{E3D8AA66-3F5A-46C9-AAB2-34D3CE44E5DC}.Release|x64.Build.0 = Release|x64
		{5ED48520-0F0D-4519-B4FE-E438C4EF02D0}.Debug - Wow64|Win32.ActiveCfg = Debug|Win32
		{5ED48520-0F0D-4519-B4FE-E438C4EF02D0}.Debug - Wow64|x64.ActiveCfg = Debug|x64
		{5ED48520-0F0D-4519-B4FE-E438C4EF02D0}.Debug|Win32.ActiveCfg = Debug|Win32
		{5ED48520-0F0D-4519-B4FE-E438C4EF02D0}.Debug|Win32.Build.0 = Debug|Win32
		{5ED48520-0F0D-4519-B4FE-E438C4EF02D0}.Debug|x64.ActiveCfg = Debug|x64
		{5ED48520-0F0D-4519-B4FE-E438C4EF02D0}.Debug|x64.Build.0 = Debug|x64
		{5ED48520-0F0D-4519-B4FE-E438C4EF02D0}.Release - Wow64|Win32.ActiveCfg = Release|Win32
		{5ED48520-0F0D-4519-B4FE-E438C4EF02D0}.Release - Wow64|x64.ActiveCfg = Release|x64
		{5ED48520-0F0D-4519-B4FE-E438C4EF02D0}.Release|Win32.ActiveCfg = Release|Win32
		{5ED48520-0F0D-4519-B4FE-E438C4EF02D0}.Release|Win32.Build.0 = Release|Win32
		{5ED48520-0F0D-4519-B4FE-E438C4EF02D0}.Release|x64.ActiveCfg = Release|x64
		{5ED48520-0F0D-4519-B4FE-E438C4EF02D0}.Release|x64.Build.0 = Release|x64
		{583D5F0A-7047-48BA-BE65-80B775513463}.Debug - Wow64|Win32.ActiveCfg = Debug|Win32
		{583D5F0A-7047-48BA-BE65-80B775513463}.Debug - Wow64|x64.ActiveCfg = Debug|x64
		{583D5F0A-7047-48BA-BE65-80B775513463}.Debug|Win32.ActiveCfg = Debug|Win32
		{583D5F0A-7047-48BA-BE65-80B775513463}.Debug|Win32.Build.0 = Debug|Win32
		{583D5F0A-7047-48BA-BE65-80B775513463}.Debug|x64.ActiveCfg = Debug|x64
		{583D5F0A-7047-48BA-BE65-80B775513463}.Debug|x64.Build.0 = Debug|x64
		{583D5F0A-7047-48BA-BE65-80B775513463}.Release - Wow64|Win32.ActiveCfg = Release|Win32
		{583D5F0A-7047-48BA-BE65-80B775513463}.Release - Wow64|x64.ActiveCfg = Release|x64
		{583D5F0A-7047-48BA-BE65-80B775513463}.Release|Win32.ActiveCfg = Release|Win32
		{583D5F0A-7047-48BA-BE65-80B775513463}.Release|Win32.Build.0 = Release|Win32
		{583D5F0A-7047-48BA-BE65-80B775513463}.Release|x64.ActiveCfg = Release|x64
		{583D5F0A-7047-48BA-BE65-80B775513463}.Release|x64.Build.0 = Release|x64
		{CABE9C82-1809-4876-BB4B-CCE40398769F}.Debug - Wow64|Win32.ActiveCfg = Debug|Win32
		{CABE9C82-1809-4876-BB4B-CCE40398769F}.Debug - Wow64|x64.ActiveCfg = Debug|x64
		{CABE9C82-1809-4876-BB4B-CCE40398769F}.Debug|Win32.ActiveCfg = Debug|Win32
		{CABE9C82-1809-4876-BB4B-CCE40398769F}.Debug|Win32.Build.0 = Debug|Win32
		{CABE9C82-1809-4876-BB4B-CCE40398769F}.Debug|x64.ActiveCfg = Debug|x64
		{CABE9C82-1809-4876-BB4B-CCE40398769F}.Debug|x64.Build.0 = Debug|x64
		{CABE9C82-1809-4876-BB4B-CCE40398769F}.Release - Wow64|Win32.ActiveCfg = Release|Win32
		{CABE9C82-1809-4876-BB4B-CCE40398769F}.Release - Wow64|x64.ActiveCfg = Release|x64
		{CABE9C82-1809-4876-BB4B-CCE40398769F}.Release|Win32.ActiveCfg = Release|Win32
		{CABE9C82-1809-4876-BB4B-CCE40398769F}.Release|Win32.Build.0 = Release|Win32
		{CABE9C82-1809-4876-BB4B-CCE40398769F}.Release|x64.ActiveCfg = Release|x64
		{CABE9C82-1809-4876-BB4B-CCE40398769F}.Release|x64.Build.0 = Release|x64
		{941F452F-6510-4BF2-AE25-9EE32FEFD51D}.Debug - Wow64|Win32.ActiveCfg = Release|Win32
		{941F452F-6510-4BF2-AE25-9EE32FEFD51D}.Debug - Wow64|x64.ActiveCfg = Release|Win32
		{941F452F-6510-4BF2-AE25-9EE32FEFD51D}.Debug|Win32.ActiveCfg = Release|Win32
		{941F452F-6510-4BF2-AE25-9EE32FEFD51D}.Debug|Win32.Build.0 = Release|Win32
		{941F452F-6510-4BF2-AE25-9EE32FEFD51D}.Debug|x64.ActiveCfg = Release|Win32
		{941F452F-6510-4BF2-AE25-9EE32FEFD51D}.Debug|x64.Build.0 = Release|Win32
		{941F452F-6510-4BF2-AE25-9EE32FEFD51D}.Release - Wow64|Win32.ActiveCfg = Release|Win32
		{941F452F-6510-4BF2-AE25-9EE32FEFD51D}.Release - Wow64|x64.ActiveCfg = Release|Win32
		{941F452F-6510-4BF2-AE25-9EE32FEFD51D}.Release|Win32.ActiveCfg = Release|Win32
		{941F452F-6510-4BF2-AE25-9EE32FEFD51D}.Release|Win32.Build.0 = Release|Win32
		{941F452F-6510-4BF2-AE25-9EE32FEFD51D}.Release|x64.ActiveCfg = Release|Win32
		{941F452F-6510-4BF2-AE25-9EE32FEFD51D}.Release|x64.Build.0 = Release|Win32
		{3FCC50C2-81E9-5DB2-B8D8-2129427568B1}.Debug - Wow64|Win32.ActiveCfg = Debug|Win32
		{3FCC50C2-81E9-5DB2-B8D8-2129427568B1}.Debug - Wow64|x64.ActiveCfg = Debug|x64
		{3FCC50C2-81E9-5DB2-B8D8-2129427568B1}.Debug|Win32.ActiveCfg = Debug|Win32
		{3FCC50C2-81E9-5DB2-B8D8-2129427568B1}.Debug|Win32.Build.0 = Debug|Win32
		{3FCC50C2-81E9-5DB2-B8D8-2129427568B1}.Debug|x64.ActiveCfg = Debug|x64
		{3FCC50C2-81E9-5DB2-B8D8-2129427568B1}.Debug|x64.Build.0 = Debug|x64
		{3FCC50C2-81E9-5DB2-B8D8-2129427568B1}.Release - Wow64|Win32.ActiveCfg = Release|Win32
		{3FCC50C2-81E9-5DB2-B8D8-2129427568B1}.Release - Wow64|x64.ActiveCfg = Release|x64
		{3FCC50C2-81E9-5DB2-B8D8-2129427568B1}.Release|Win32.ActiveCfg = Release|Win32
		{3FCC50C2-81E9-5DB2-B8D8-2129427568B1}.Release|Win32.Build.0 = Release|Win32
		{3FCC50C2-81E9-5DB2-B8D8-2129427568B1}.Release|x64.ActiveCfg = Release|x64
		{3FCC50C2-81E9-5DB2-B8D8-2129427568B1}.Release|x64.Build.0 = Release|x64
		{8ACC122A-CA6A-5AA6-9C97-9CDD2E533DB0}.Debug - Wow64|Win32.ActiveCfg = Debug|Win32
		{8ACC122A-CA6A-5AA6-9C97-9CDD2E533DB0}.Debug - Wow64|x64.ActiveCfg = Debug|x64
		{8ACC122A-CA6A-5AA6-9C97-9CDD2E533DB0}.Debug|Win32.ActiveCfg = Debug|Win32
		{8ACC122A-CA6A-5AA6-9C97-9CDD2E533DB0}.Debug|Win32.Build.0 = Debug|Win32
		{8ACC122A-CA6A-5AA6-9C97-9CDD2E533DB0}.Debug|x64.ActiveCfg = Debug|x64
		{8ACC122A-CA6A-5AA6-9C97-9CDD2E533DB0}.Debug|x64.Build.0 = Debug|x64
		{8ACC122A-CA6A-5AA6-9C97-9CDD2E533DB0}.Release - Wow64|Win32.ActiveCfg = Release|Win32
		{8ACC122A-CA6A-5AA6-9C97-9CDD2E533DB0}.Release - Wow64|x64.ActiveCfg = Release|x64
		{8ACC122A-CA6A-5AA6-9C97-9CDD2E533DB0}.Release|Win32.ActiveCfg = Release|Win32
		{8ACC122A-CA6A-5AA6-9C97-9CDD2E533DB0}.Release|Win32.Build.0 = Release|Win32
		{8ACC122A-CA6A-5AA6-9C97-9CDD2E533DB0}.Release|x64.ActiveCfg = Release|x64
		{8ACC122A-CA6A-5AA6-9C97-9CDD2E533DB0}.Release|x64.Build.0 = Release|x64
		{8B867186-A0B5-5479-B824-E176EDD27C40}.Debug - Wow64|Win32.ActiveCfg = Debug|Win32
		{8B867186-A0B5-5479-B824-E176EDD27C40}.Debug - Wow64|x64.ActiveCfg = Debug|x64
		{8B867186-A0B5-5479-B824-E176EDD27C40}.Debug|Win32.ActiveCfg = Debug|Win32
		{8B867186-A0B5-5479-B824-E176EDD27C40}.Debug|Win32.Build.0 = Debug|Win32
		{8B867186-A0B5-5479-B824-E176EDD27C40}.Debug|x64.ActiveCfg = Debug|x64
		{8B867186-A0B5-5479-B824-E176EDD27C40}.Debug|x64.Build.0 = Debug|x64
		{8B867186-A0B5-5479-B824-E176EDD27C40}.Release - Wow64|Win32.ActiveCfg = Release|Win32
		{8B867186-A0B5-5479-B824-E176EDD27C40}.Release - Wow64|x64.ActiveCfg = Release|x64
		{8B867186-A0B5-5479-B824-E176EDD27C40}.Release|Win32.ActiveCfg = Release|Win32
		{8B867186-A0B5-5479-B824-E176EDD27C40}.Release|Win32.Build.0 = Release|Win32
		{8B867186-A0B5-5479-B824-E176EDD27C40}.Release|x64.ActiveCfg = Release|x64
		{8B867186-A0B5-5479-B824-E176EDD27C40}.Release|x64.Build.0 = Release|x64
		{6744DAD8-9C70-574A-BFF2-9F8DDDB24A75}.Debug - Wow64|Win32.ActiveCfg = Debug|Win32
		{6744DAD8-9C70-574A-BFF2-9F8DDDB24A75}.Debug - Wow64|x64.ActiveCfg = Debug|x64
		{6744DAD8-9C70-574A-BFF2-9F8DDDB24A75}.Debug|Win32.ActiveCfg = Debug|Win32
		{6744DAD8-9C70-574A-BFF2-9F8DDDB24A75}.Debug|Win32.Build.0 = Debug|Win32
		{6744DAD8-9C70-574A-BFF2-9F8DDDB24A75}.Debug|x64.ActiveCfg = Debug|x64
		{6744DAD8-9C70-574A-BFF2-9F8DDDB24A75}.Debug|x64.Build.0 = Debug|x64
		{6744DAD8-9C70-574A-BFF2-9F8DDDB24A75}.Release - Wow64|Win32.ActiveCfg = Release|Win32
		{6744DAD8-9C70-574A-BFF2-9F8DDDB24A75}.Release - Wow64|x64.ActiveCfg = Release|x64
		{6744DAD8-9C70-574A-BFF2-9F8DDDB24A75}.Release|Win32.ActiveCfg = Release|Win32
		{6744DAD8-9C70-574A-BFF2-9F8DDDB24A75}.Release|Win32.Build.0 = Release|Win32
		{6744DAD8-9C70-574A-BFF2-9F8DDDB24A75}.Release|x64.ActiveCfg = Release|x64
		{6744DAD8-9C70-574A-BFF2-9F8DDDB24A75}.Release|x64.Build.0 = Release|x64
		{24C45343-FD20-5C92-81C1-35A2AE841E79}.Debug - Wow64|Win32.ActiveCfg = Debug|Win32
		{24C45343-FD20-5C92-81C1-35A2AE841E79}.Debug - Wow64|x64.ActiveCfg = Debug|x64
		{24C45343-FD20-5C92-81C1-35A2AE841E79}.Debug|Win32.ActiveCfg = Debug|Win32
		{24C45343-FD20-5C92-81C1-35A2AE841E79}.Debug|Win32.Build.0 = Debug|Win32
		{24C45343-FD20-5C92-81C1-35A2AE841E79}.Debug|x64.ActiveCfg = Debug|x64
		{24C45343-FD20-5C92-81C1-35A2AE841E79}.Debug|x64.Build.0 = Debug|x64
		{24C45343-FD20-5C92-81C1-35A2AE841E79}.Release - Wow64|Win32.ActiveCfg = Release|Win32
		{24C45343-FD20-5C92-81C1-35A2AE841E79}.Release - Wow64|x64.ActiveCfg = Release|x64
		{24C45343-FD20-5C92-81C1-35A2AE841E79}.Release|Win32.ActiveCfg = Release|Win32
		{24C45343-FD20-5C92-81C1-35A2AE841E79}.Release|Win32.Build.0 = Release|Win32
		{24C45343-FD20-5C92-81C1-35A2AE841E79}.Release|x64.ActiveCfg = Release|x64
		{24C45343-FD20-5C92-81C1-35A2AE841E79}.Release|x64.Build.0 = Release|x64
		{A16D3832-0F42-57CE-8F48-50E06649ADE8}.Debug - Wow64|Win32.ActiveCfg = Debug|Win32
		{A16D3832-0F42-57CE-8F48-50E06649ADE8}.Debug - Wow64|x64.ActiveCfg = Debug|x64
		{A16D3832-0F42-57CE-8F48-50E06649ADE8}.Debug|Win32.ActiveCfg = Debug|Win32
		{A16D3832-0F42-57CE-8F48-50E06649ADE8}.Debug|Win32.Build.0 = Debug|Win32
		{A16D3832-0F42-57CE-8F48-50E06649ADE8}.Debug|x64.ActiveCfg = Debug|x64
		{A16D3832-0F42-57CE-8F48-50E06649ADE8}.Debug|x64.Build.0 = Debug|x64
		{A16D3832-0F42-57CE-8F48-50E06649ADE8}.Release - Wow64|Win32.ActiveCfg = Release|Win32
		{A16D3832-0F42-57CE-8F48-50E06649ADE8}.Release - Wow64|x64.ActiveCfg = Release|x64
		{A16D3832-0F42-57CE-8F48-50E06649ADE8}.Release|Win32.ActiveCfg = Release|Win32
		{A16D3832-0F42-57CE-8F48-50E06649ADE8}.Release|Win32.Build.0 = Release|Win32
		{A16D3832-0F42-57CE-8F48-50E06649ADE8}.Release|x64.ActiveCfg = Release|x64
		{A16D3832-0F42-57CE-8F48-50E06649ADE8}.Release|x64.Build.0 = Release|x64
		{97FDAB45-9C58-5BC5-A2F4-EE42739EBC63}.Debug - Wow64|Win32.ActiveCfg = Debug|Win32
		{97FDAB45-9C58-5BC5-A2F4-EE42739EBC63}.Debug - Wow64|x64.ActiveCfg = Debug|x64
		{97FDAB45-9C58-5BC5-A2F4-EE42739EBC63}.Debug|Win32.ActiveCfg = Debug|Win32
		{97FDAB45-9C58-5BC5-A2F4-EE42739EBC63}.Debug|Win32.Build.0 = Debug|Win32
		{97FDAB45-9C58-5BC5-A2F4-EE42739EBC63}.Debug|x64.ActiveCfg = Debug|x64
		{97FDAB45-9C58-5BC5-A2F4-EE42739EBC63}.Debug|x64.Build.0 = Debug|x64
		{97FDAB45-9C58-5BC5-A2F4-EE42739EBC63}.Release - Wow64|Win32.ActiveCfg = Release|Win32
		{97FDAB45-9C58-5BC5-A2F4-EE42739EBC63}.Release - Wow64|x64.ActiveCfg = Release|x64
		{97FDAB45-9C58-5BC5-A2F4-EE42739EBC63}.Release|Win32.ActiveCfg = Release|Win32
		{97FDAB45-9C58-5BC5-A2F4-EE42739EBC63}.Release|Win32.Build.0 = Release|Win32
		{97FDAB45-9C58-5BC5-A2F4-EE42739EBC63}.Release|x64.ActiveCfg = Release|x64
		{97FDAB45-9C58-5BC5-A2F4-EE42739EBC63}.Release|x64.Build.0 = Release|x64
		{23E1C437-A951-5943-8639-A17F3CF2E606}.Debug - Wow64|Win32.ActiveCfg = Debug|Win32
		{23E1C437-A951-5943-8639-A17F3CF2E606}.Debug - Wow64|x64.ActiveCfg = Debug|x64
		{23E1C437-A951-5943-8639-A17F3CF2E606}.Debug|Win32.ActiveCfg = Debug|Win32
		{23E1C437-A951-5943-8639-A17F3CF2E606}.Debug|Win32.Build.0 = Debug|Win32
		{23E1C437-A951-5943-8639-A17F3CF2E606}.Debug|x64.ActiveCfg = Debug|x64
		{23E1C437-A951-5943-8639-A17F3CF2E606}.Debug|x64.Build.0 = Debug|x64
		{23E1C437-A951-5943-8639-A17F3CF2E606}.Release - Wow64|Win32.ActiveCfg = Release|Win32
		{23E1C437-A951-5943-8639-A17F3CF2E606}.Release - Wow64|x64.ActiveCfg = Release|x64
		{23E1C437-A951-5943-8639-A17F3CF2E606}.Release|Win32.ActiveCfg = Release|Win32
		{23E1C437-A951-5943-8639-A17F3CF2E606}.Release|Win32.Build.0 = Release|Win32
		{23E1C437-A951-5943-8639-A17F3CF2E606}.Release|x64.ActiveCfg = Release|x64
		{23E1C437-A951-5943-8639-A17F3CF2E606}.Release|x64.Build.0 = Release|x64
		{74827EBD-93DC-5110-BA95-3F2AB029B6B0}.Debug - Wow64|Win32.ActiveCfg = Debug|Win32
		{74827EBD-93DC-5110-BA95-3F2AB029B6B0}.Debug - Wow64|x64.ActiveCfg = Debug|x64
		{74827EBD-93DC-5110-BA95-3F2AB029B6B0}.Debug|Win32.ActiveCfg = Debug|Win32
		{74827EBD-93DC-5110-BA95-3F2AB029B6B0}.Debug|Win32.Build.0 = Debug|Win32
		{74827EBD-93DC-5110-BA95-3F2AB029B6B0}.Debug|x64.ActiveCfg = Debug|x64
		{74827EBD-93DC-5110-BA95-3F2AB029B6B0}.Debug|x64.Build.0 = Debug|x64
		{74827EBD-93DC-5110-BA95-3F2AB029B6B0}.Release - Wow64|Win32.ActiveCfg = Release|Win32
		{74827EBD-93DC-5110-BA95-3F2AB029B6B0}.Release - Wow64|x64.ActiveCfg = Release|x64
		{74827EBD-93DC-5110-BA95-3F2AB029B6B0}.Release|Win32.ActiveCfg = Release|Win32
		{74827EBD-93DC-5110-BA95-3F2AB029B6B0}.Release|Win32.Build.0 = Release|Win32
		{74827EBD-93DC-5110-BA95-3F2AB029B6B0}.Release|x64.ActiveCfg = Release|x64
		{74827EBD-93DC-5110-BA95-3F2AB029B6B0}.Release|x64.Build.0 = Release|x64
		{B6D6F4DD-4C26-4B0B-8B1E-419850F1041F}.Debug - Wow64|Win32.ActiveCfg = Debug - Wow64|Win32
		{B6D6F4DD-4C26-4B0B-8B1E-419850F1041F}.Debug - Wow64|Win32.Build.0 = Debug - Wow64|Win32
		{B6D6F4DD-4C26-4B0B-8B1E-419850F1041F}.Debug - Wow64|x64.ActiveCfg = Debug - Wow64|x64
		{B6D6F4DD-4C26-4B0B-8B1E-419850F1041F}.Debug - Wow64|x64.Build.0 = Debug - Wow64|x64
		{B6D6F4DD-4C26-4B0B-8B1E-419850F1041F}.Debug|Win32.ActiveCfg = Debug|Win32
		{B6D6F4DD-4C26-4B0B-8B1E-419850F1041F}.Debug|Win32.Build.0 = Debug|Win32
		{B6D6F4DD-4C26-4B0B-8B1E-419850F1041F}.Debug|x64.ActiveCfg = Debug|x64
		{B6D6F4DD-4C26-4B0B-8B1E-419850F1041F}.Debug|x64.Build.0 = Debug|x64
		{B6D6F4DD-4C26-4B0B-8B1E-419850F1041F}.Release - Wow64|Win32.ActiveCfg = Release - Wow64|Win32
		{B6D6F4DD-4C26-4B0B-8B1E-419850F1041F}.Release - Wow64|Win32.Build.0 = Release - Wow64|Win32
		{B6D6F4DD-4C26-4B0B-8B1E-419850F1041F}.Release - Wow64|x64.ActiveCfg = Release - Wow64|x64
		{B6D6F4DD-4C26-4B0B-8B1E-419850F1041F}.Release - Wow64|x64.Build.0 = Release - Wow64|x64
		{B6D6F4DD-4C26-4B0B-8B1E-419850F1041F}.Release|Win32.ActiveCfg = Release|Win32
		{B6D6F4DD-4C26-4B0B-8B1E-419850F1041F}.Release|Win32.Build.0 = Release|Win32
		{B6D6F4DD-4C26-4B0B-8B1E-419850F1041F}.Release|x64.ActiveCfg = Release|x64
		{B6D6F4DD-4C26-4B0B-8B1E-419850F1041F}.Release|x64.Build.0 = Release|x64
	EndGlobalSection
	GlobalSection(SolutionProperties) = preSolution
		HideSolutionNode = FALSE
	EndGlobalSection
	GlobalSection(NestedProjects) = preSolution
		{5ED48520-0F0D-4519-B4FE-E438C4EF02D0} = {0657711C-079B-4F66-A217-C1D91E9392A5}
		{583D5F0A-7047-48BA-BE65-80B775513463} = {0657711C-079B-4F66-A217-C1D91E9392A5}
		{CABE9C82-1809-4876-BB4B-CCE40398769F} = {0657711C-079B-4F66-A217-C1D91E9392A5}
		{3FCC50C2-81E9-5DB2-B8D8-2129427568B1} = {51B62AE3-488B-494F-80BD-B5A393A2CCFB}
		{8ACC122A-CA6A-5AA6-9C97-9CDD2E533DB0} = {51B62AE3-488B-494F-80BD-B5A393A2CCFB}
		{8B867186-A0B5-5479-B824-E176EDD27C40} = {51B62AE3-488B-494F-80BD-B5A393A2CCFB}
		{6744DAD8-9C70-574A-BFF2-9F8DDDB24A75} = {51B62AE3-488B-494F-80BD-B5A393A2CCFB}
		{24C45343-FD20-5C92-81C1-35A2AE841E79} = {51B62AE3-488B-494F-80BD-B5A393A2CCFB}
		{A16D3832-0F42-57CE-8F48-50E06649ADE8} = {51B62AE3-488B-494F-80BD-B5A393A2CCFB}
		{97FDAB45-9C58-5BC5-A2F4-EE42739EBC63} = {51B62AE3-488B-494F-80BD-B5A393A2CCFB}
		{23E1C437-A951-5943-8639-A17F3CF2E606} = {51B62AE3-488B-494F-80BD-B5A393A2CCFB}
		{74827EBD-93DC-5110-BA95-3F2AB029B6B0} = {51B62AE3-488B-494F-80BD-B5A393A2CCFB}
	EndGlobalSection
EndGlobal
